// !$*UTF8*$!
{
	archiveVersion = 1;
	classes = {
	};
	objectVersion = 55;
	objects = {

/* Begin PBXBuildFile section */
		524B4C9F28CE670600FE705D /* WelcomeViewController.swift in Sources */ = {isa = PBXBuildFile; fileRef = 524B4C9E28CE670600FE705D /* WelcomeViewController.swift */; };
		524B4CA128CE673100FE705D /* LoginViewController.swift in Sources */ = {isa = PBXBuildFile; fileRef = 524B4CA028CE673100FE705D /* LoginViewController.swift */; };
		524B4CA328CE677A00FE705D /* RegistrationViewController.swift in Sources */ = {isa = PBXBuildFile; fileRef = 524B4CA228CE677A00FE705D /* RegistrationViewController.swift */; };
		524B4CA528CE678E00FE705D /* TransactionsViewController.swift in Sources */ = {isa = PBXBuildFile; fileRef = 524B4CA428CE678E00FE705D /* TransactionsViewController.swift */; };
		524B4CA728CE6B2000FE705D /* Constants.swift in Sources */ = {isa = PBXBuildFile; fileRef = 524B4CA628CE6B2000FE705D /* Constants.swift */; };
		52536D9728CE664C0088B0C0 /* AppDelegate.swift in Sources */ = {isa = PBXBuildFile; fileRef = 52536D9628CE664C0088B0C0 /* AppDelegate.swift */; };
		52536D9928CE664C0088B0C0 /* SceneDelegate.swift in Sources */ = {isa = PBXBuildFile; fileRef = 52536D9828CE664C0088B0C0 /* SceneDelegate.swift */; };
		52536D9B28CE664C0088B0C0 /* BudgetViewController.swift in Sources */ = {isa = PBXBuildFile; fileRef = 52536D9A28CE664C0088B0C0 /* BudgetViewController.swift */; };
		52536D9E28CE664C0088B0C0 /* Main.storyboard in Resources */ = {isa = PBXBuildFile; fileRef = 52536D9C28CE664C0088B0C0 /* Main.storyboard */; };
		52536DA028CE664E0088B0C0 /* Assets.xcassets in Resources */ = {isa = PBXBuildFile; fileRef = 52536D9F28CE664E0088B0C0 /* Assets.xcassets */; };
		52536DA328CE664E0088B0C0 /* LaunchScreen.storyboard in Resources */ = {isa = PBXBuildFile; fileRef = 52536DA128CE664E0088B0C0 /* LaunchScreen.storyboard */; };
		756550A88CEB8E91CC21EB5A /* Pods_PersonalFinances.framework in Frameworks */ = {isa = PBXBuildFile; fileRef = D483DB0598127D24E2F75A79 /* Pods_PersonalFinances.framework */; };
/* End PBXBuildFile section */

/* Begin PBXFileReference section */
		524B4C9E28CE670600FE705D /* WelcomeViewController.swift */ = {isa = PBXFileReference; lastKnownFileType = sourcecode.swift; path = WelcomeViewController.swift; sourceTree = "<group>"; };
		524B4CA028CE673100FE705D /* LoginViewController.swift */ = {isa = PBXFileReference; lastKnownFileType = sourcecode.swift; path = LoginViewController.swift; sourceTree = "<group>"; };
		524B4CA228CE677A00FE705D /* RegistrationViewController.swift */ = {isa = PBXFileReference; lastKnownFileType = sourcecode.swift; path = RegistrationViewController.swift; sourceTree = "<group>"; };
		524B4CA428CE678E00FE705D /* TransactionsViewController.swift */ = {isa = PBXFileReference; lastKnownFileType = sourcecode.swift; path = TransactionsViewController.swift; sourceTree = "<group>"; };
		524B4CA628CE6B2000FE705D /* Constants.swift */ = {isa = PBXFileReference; lastKnownFileType = sourcecode.swift; path = Constants.swift; sourceTree = "<group>"; };
		52536D9328CE664C0088B0C0 /* PersonalFinances.app */ = {isa = PBXFileReference; explicitFileType = wrapper.application; includeInIndex = 0; path = PersonalFinances.app; sourceTree = BUILT_PRODUCTS_DIR; };
		52536D9628CE664C0088B0C0 /* AppDelegate.swift */ = {isa = PBXFileReference; lastKnownFileType = sourcecode.swift; path = AppDelegate.swift; sourceTree = "<group>"; };
		52536D9828CE664C0088B0C0 /* SceneDelegate.swift */ = {isa = PBXFileReference; lastKnownFileType = sourcecode.swift; path = SceneDelegate.swift; sourceTree = "<group>"; };
		52536D9A28CE664C0088B0C0 /* BudgetViewController.swift */ = {isa = PBXFileReference; lastKnownFileType = sourcecode.swift; path = BudgetViewController.swift; sourceTree = "<group>"; };
		52536D9D28CE664C0088B0C0 /* Base */ = {isa = PBXFileReference; lastKnownFileType = file.storyboard; name = Base; path = Base.lproj/Main.storyboard; sourceTree = "<group>"; };
		52536D9F28CE664E0088B0C0 /* Assets.xcassets */ = {isa = PBXFileReference; lastKnownFileType = folder.assetcatalog; path = Assets.xcassets; sourceTree = "<group>"; };
		52536DA228CE664E0088B0C0 /* Base */ = {isa = PBXFileReference; lastKnownFileType = file.storyboard; name = Base; path = Base.lproj/LaunchScreen.storyboard; sourceTree = "<group>"; };
		52536DA428CE664E0088B0C0 /* Info.plist */ = {isa = PBXFileReference; lastKnownFileType = text.plist.xml; path = Info.plist; sourceTree = "<group>"; };
		5CDA53750ABB4A266F256093 /* Pods-PersonalFinances.debug.xcconfig */ = {isa = PBXFileReference; includeInIndex = 1; lastKnownFileType = text.xcconfig; name = "Pods-PersonalFinances.debug.xcconfig"; path = "Target Support Files/Pods-PersonalFinances/Pods-PersonalFinances.debug.xcconfig"; sourceTree = "<group>"; };
		D483DB0598127D24E2F75A79 /* Pods_PersonalFinances.framework */ = {isa = PBXFileReference; explicitFileType = wrapper.framework; includeInIndex = 0; path = Pods_PersonalFinances.framework; sourceTree = BUILT_PRODUCTS_DIR; };
		F20D3C16297395BD943978AE /* Pods-PersonalFinances.release.xcconfig */ = {isa = PBXFileReference; includeInIndex = 1; lastKnownFileType = text.xcconfig; name = "Pods-PersonalFinances.release.xcconfig"; path = "Target Support Files/Pods-PersonalFinances/Pods-PersonalFinances.release.xcconfig"; sourceTree = "<group>"; };
/* End PBXFileReference section */

/* Begin PBXFrameworksBuildPhase section */
		52536D9028CE664C0088B0C0 /* Frameworks */ = {
			isa = PBXFrameworksBuildPhase;
			buildActionMask = 2147483647;
			files = (
				756550A88CEB8E91CC21EB5A /* Pods_PersonalFinances.framework in Frameworks */,
			);
			runOnlyForDeploymentPostprocessing = 0;
		};
/* End PBXFrameworksBuildPhase section */

/* Begin PBXGroup section */
		52536D8A28CE664C0088B0C0 = {
			isa = PBXGroup;
			children = (
				52536D9528CE664C0088B0C0 /* PersonalFinances */,
				52536D9428CE664C0088B0C0 /* Products */,
				68D3B20262109C932FA94D83 /* Pods */,
				E54C113C63A3C05A8EC50320 /* Frameworks */,
			);
			sourceTree = "<group>";
		};
		52536D9428CE664C0088B0C0 /* Products */ = {
			isa = PBXGroup;
			children = (
				52536D9328CE664C0088B0C0 /* PersonalFinances.app */,
			);
			name = Products;
			sourceTree = "<group>";
		};
		52536D9528CE664C0088B0C0 /* PersonalFinances */ = {
			isa = PBXGroup;
			children = (
				52536D9628CE664C0088B0C0 /* AppDelegate.swift */,
				52536D9828CE664C0088B0C0 /* SceneDelegate.swift */,
				52536DAC28CE66640088B0C0 /* Model */,
				52536DAB28CE665E0088B0C0 /* Controller */,
				52536DAA28CE66580088B0C0 /* View */,
				52536D9F28CE664E0088B0C0 /* Assets.xcassets */,
				52536DA128CE664E0088B0C0 /* LaunchScreen.storyboard */,
				52536DA428CE664E0088B0C0 /* Info.plist */,
				524B4CA628CE6B2000FE705D /* Constants.swift */,
			);
			path = PersonalFinances;
			sourceTree = "<group>";
		};
		52536DAA28CE66580088B0C0 /* View */ = {
			isa = PBXGroup;
			children = (
				52536D9C28CE664C0088B0C0 /* Main.storyboard */,
			);
			path = View;
			sourceTree = "<group>";
		};
		52536DAB28CE665E0088B0C0 /* Controller */ = {
			isa = PBXGroup;
			children = (
				52536D9A28CE664C0088B0C0 /* BudgetViewController.swift */,
				524B4C9E28CE670600FE705D /* WelcomeViewController.swift */,
				524B4CA028CE673100FE705D /* LoginViewController.swift */,
				524B4CA228CE677A00FE705D /* RegistrationViewController.swift */,
				524B4CA428CE678E00FE705D /* TransactionsViewController.swift */,
			);
			path = Controller;
			sourceTree = "<group>";
		};
		52536DAC28CE66640088B0C0 /* Model */ = {
			isa = PBXGroup;
			children = (
			);
			path = Model;
			sourceTree = "<group>";
		};
		68D3B20262109C932FA94D83 /* Pods */ = {
			isa = PBXGroup;
			children = (
				5CDA53750ABB4A266F256093 /* Pods-PersonalFinances.debug.xcconfig */,
				F20D3C16297395BD943978AE /* Pods-PersonalFinances.release.xcconfig */,
			);
			name = Pods;
			path = Pods;
			sourceTree = "<group>";
		};
		E54C113C63A3C05A8EC50320 /* Frameworks */ = {
			isa = PBXGroup;
			children = (
				D483DB0598127D24E2F75A79 /* Pods_PersonalFinances.framework */,
			);
			name = Frameworks;
			sourceTree = "<group>";
		};
/* End PBXGroup section */

/* Begin PBXNativeTarget section */
		52536D9228CE664C0088B0C0 /* PersonalFinances */ = {
			isa = PBXNativeTarget;
			buildConfigurationList = 52536DA728CE664E0088B0C0 /* Build configuration list for PBXNativeTarget "PersonalFinances" */;
			buildPhases = (
				4D4E36E608CF7058EE9A685D /* [CP] Check Pods Manifest.lock */,
				52536D8F28CE664C0088B0C0 /* Sources */,
				52536D9028CE664C0088B0C0 /* Frameworks */,
				52536D9128CE664C0088B0C0 /* Resources */,
				289D7FE95E315D7552137D7C /* [CP] Embed Pods Frameworks */,
			);
			buildRules = (
			);
			dependencies = (
			);
			name = PersonalFinances;
			productName = PersonalFinances;
			productReference = 52536D9328CE664C0088B0C0 /* PersonalFinances.app */;
			productType = "com.apple.product-type.application";
		};
/* End PBXNativeTarget section */

/* Begin PBXProject section */
		52536D8B28CE664C0088B0C0 /* Project object */ = {
			isa = PBXProject;
			attributes = {
				BuildIndependentTargetsInParallel = 1;
				LastSwiftUpdateCheck = 1340;
				LastUpgradeCheck = 1340;
				TargetAttributes = {
					52536D9228CE664C0088B0C0 = {
						CreatedOnToolsVersion = 13.4.1;
					};
				};
			};
			buildConfigurationList = 52536D8E28CE664C0088B0C0 /* Build configuration list for PBXProject "PersonalFinances" */;
			compatibilityVersion = "Xcode 13.0";
			developmentRegion = en;
			hasScannedForEncodings = 0;
			knownRegions = (
				en,
				Base,
			);
			mainGroup = 52536D8A28CE664C0088B0C0;
			productRefGroup = 52536D9428CE664C0088B0C0 /* Products */;
			projectDirPath = "";
			projectRoot = "";
			targets = (
				52536D9228CE664C0088B0C0 /* PersonalFinances */,
			);
		};
/* End PBXProject section */

/* Begin PBXResourcesBuildPhase section */
		52536D9128CE664C0088B0C0 /* Resources */ = {
			isa = PBXResourcesBuildPhase;
			buildActionMask = 2147483647;
			files = (
				52536DA328CE664E0088B0C0 /* LaunchScreen.storyboard in Resources */,
				52536DA028CE664E0088B0C0 /* Assets.xcassets in Resources */,
				52536D9E28CE664C0088B0C0 /* Main.storyboard in Resources */,
			);
			runOnlyForDeploymentPostprocessing = 0;
		};
/* End PBXResourcesBuildPhase section */

/* Begin PBXShellScriptBuildPhase section */
		289D7FE95E315D7552137D7C /* [CP] Embed Pods Frameworks */ = {
			isa = PBXShellScriptBuildPhase;
			buildActionMask = 2147483647;
			files = (
			);
			inputFileListPaths = (
				"${PODS_ROOT}/Target Support Files/Pods-PersonalFinances/Pods-PersonalFinances-frameworks-${CONFIGURATION}-input-files.xcfilelist",
			);
			name = "[CP] Embed Pods Frameworks";
			outputFileListPaths = (
				"${PODS_ROOT}/Target Support Files/Pods-PersonalFinances/Pods-PersonalFinances-frameworks-${CONFIGURATION}-output-files.xcfilelist",
			);
			runOnlyForDeploymentPostprocessing = 0;
			shellPath = /bin/sh;
			shellScript = "\"${PODS_ROOT}/Target Support Files/Pods-PersonalFinances/Pods-PersonalFinances-frameworks.sh\"\n";
			showEnvVarsInLog = 0;
		};
		4D4E36E608CF7058EE9A685D /* [CP] Check Pods Manifest.lock */ = {
			isa = PBXShellScriptBuildPhase;
			buildActionMask = 2147483647;
			files = (
			);
			inputFileListPaths = (
			);
			inputPaths = (
				"${PODS_PODFILE_DIR_PATH}/Podfile.lock",
				"${PODS_ROOT}/Manifest.lock",
			);
			name = "[CP] Check Pods Manifest.lock";
			outputFileListPaths = (
			);
			outputPaths = (
				"$(DERIVED_FILE_DIR)/Pods-PersonalFinances-checkManifestLockResult.txt",
			);
			runOnlyForDeploymentPostprocessing = 0;
			shellPath = /bin/sh;
			shellScript = "diff \"${PODS_PODFILE_DIR_PATH}/Podfile.lock\" \"${PODS_ROOT}/Manifest.lock\" > /dev/null\nif [ $? != 0 ] ; then\n    # print error to STDERR\n    echo \"error: The sandbox is not in sync with the Podfile.lock. Run 'pod install' or update your CocoaPods installation.\" >&2\n    exit 1\nfi\n# This output is used by Xcode 'outputs' to avoid re-running this script phase.\necho \"SUCCESS\" > \"${SCRIPT_OUTPUT_FILE_0}\"\n";
			showEnvVarsInLog = 0;
		};
/* End PBXShellScriptBuildPhase section */

/* Begin PBXSourcesBuildPhase section */
		52536D8F28CE664C0088B0C0 /* Sources */ = {
			isa = PBXSourcesBuildPhase;
			buildActionMask = 2147483647;
			files = (
				524B4CA528CE678E00FE705D /* TransactionsViewController.swift in Sources */,
				524B4CA328CE677A00FE705D /* RegistrationViewController.swift in Sources */,
				52536D9B28CE664C0088B0C0 /* BudgetViewController.swift in Sources */,
				524B4C9F28CE670600FE705D /* WelcomeViewController.swift in Sources */,
				52536D9728CE664C0088B0C0 /* AppDelegate.swift in Sources */,
				524B4CA128CE673100FE705D /* LoginViewController.swift in Sources */,
				52536D9928CE664C0088B0C0 /* SceneDelegate.swift in Sources */,
				524B4CA728CE6B2000FE705D /* Constants.swift in Sources */,
			);
			runOnlyForDeploymentPostprocessing = 0;
		};
/* End PBXSourcesBuildPhase section */

/* Begin PBXVariantGroup section */
		52536D9C28CE664C0088B0C0 /* Main.storyboard */ = {
			isa = PBXVariantGroup;
			children = (
				52536D9D28CE664C0088B0C0 /* Base */,
			);
			name = Main.storyboard;
			sourceTree = "<group>";
		};
		52536DA128CE664E0088B0C0 /* LaunchScreen.storyboard */ = {
			isa = PBXVariantGroup;
			children = (
				52536DA228CE664E0088B0C0 /* Base */,
			);
			name = LaunchScreen.storyboard;
			sourceTree = "<group>";
		};
/* End PBXVariantGroup section */

/* Begin XCBuildConfiguration section */
		52536DA528CE664E0088B0C0 /* Debug */ = {
			isa = XCBuildConfiguration;
			buildSettings = {
				ALWAYS_SEARCH_USER_PATHS = NO;
				CLANG_ANALYZER_NONNULL = YES;
				CLANG_ANALYZER_NUMBER_OBJECT_CONVERSION = YES_AGGRESSIVE;
				CLANG_CXX_LANGUAGE_STANDARD = "gnu++17";
				CLANG_ENABLE_MODULES = YES;
				CLANG_ENABLE_OBJC_ARC = YES;
				CLANG_ENABLE_OBJC_WEAK = YES;
				CLANG_WARN_BLOCK_CAPTURE_AUTORELEASING = YES;
				CLANG_WARN_BOOL_CONVERSION = YES;
				CLANG_WARN_COMMA = YES;
				CLANG_WARN_CONSTANT_CONVERSION = YES;
				CLANG_WARN_DEPRECATED_OBJC_IMPLEMENTATIONS = YES;
				CLANG_WARN_DIRECT_OBJC_ISA_USAGE = YES_ERROR;
				CLANG_WARN_DOCUMENTATION_COMMENTS = YES;
				CLANG_WARN_EMPTY_BODY = YES;
				CLANG_WARN_ENUM_CONVERSION = YES;
				CLANG_WARN_INFINITE_RECURSION = YES;
				CLANG_WARN_INT_CONVERSION = YES;
				CLANG_WARN_NON_LITERAL_NULL_CONVERSION = YES;
				CLANG_WARN_OBJC_IMPLICIT_RETAIN_SELF = YES;
				CLANG_WARN_OBJC_LITERAL_CONVERSION = YES;
				CLANG_WARN_OBJC_ROOT_CLASS = YES_ERROR;
				CLANG_WARN_QUOTED_INCLUDE_IN_FRAMEWORK_HEADER = YES;
				CLANG_WARN_RANGE_LOOP_ANALYSIS = YES;
				CLANG_WARN_STRICT_PROTOTYPES = YES;
				CLANG_WARN_SUSPICIOUS_MOVE = YES;
				CLANG_WARN_UNGUARDED_AVAILABILITY = YES_AGGRESSIVE;
				CLANG_WARN_UNREACHABLE_CODE = YES;
				CLANG_WARN__DUPLICATE_METHOD_MATCH = YES;
				COPY_PHASE_STRIP = NO;
				DEBUG_INFORMATION_FORMAT = dwarf;
				ENABLE_STRICT_OBJC_MSGSEND = YES;
				ENABLE_TESTABILITY = YES;
				GCC_C_LANGUAGE_STANDARD = gnu11;
				GCC_DYNAMIC_NO_PIC = NO;
				GCC_NO_COMMON_BLOCKS = YES;
				GCC_OPTIMIZATION_LEVEL = 0;
				GCC_PREPROCESSOR_DEFINITIONS = (
					"DEBUG=1",
					"$(inherited)",
				);
				GCC_WARN_64_TO_32_BIT_CONVERSION = YES;
				GCC_WARN_ABOUT_RETURN_TYPE = YES_ERROR;
				GCC_WARN_UNDECLARED_SELECTOR = YES;
				GCC_WARN_UNINITIALIZED_AUTOS = YES_AGGRESSIVE;
				GCC_WARN_UNUSED_FUNCTION = YES;
				GCC_WARN_UNUSED_VARIABLE = YES;
				IPHONEOS_DEPLOYMENT_TARGET = 15.5;
				MTL_ENABLE_DEBUG_INFO = INCLUDE_SOURCE;
				MTL_FAST_MATH = YES;
				ONLY_ACTIVE_ARCH = YES;
				SDKROOT = iphoneos;
				SWIFT_ACTIVE_COMPILATION_CONDITIONS = DEBUG;
				SWIFT_OPTIMIZATION_LEVEL = "-Onone";
			};
			name = Debug;
		};
		52536DA628CE664E0088B0C0 /* Release */ = {
			isa = XCBuildConfiguration;
			buildSettings = {
				ALWAYS_SEARCH_USER_PATHS = NO;
				CLANG_ANALYZER_NONNULL = YES;
				CLANG_ANALYZER_NUMBER_OBJECT_CONVERSION = YES_AGGRESSIVE;
				CLANG_CXX_LANGUAGE_STANDARD = "gnu++17";
				CLANG_ENABLE_MODULES = YES;
				CLANG_ENABLE_OBJC_ARC = YES;
				CLANG_ENABLE_OBJC_WEAK = YES;
				CLANG_WARN_BLOCK_CAPTURE_AUTORELEASING = YES;
				CLANG_WARN_BOOL_CONVERSION = YES;
				CLANG_WARN_COMMA = YES;
				CLANG_WARN_CONSTANT_CONVERSION = YES;
				CLANG_WARN_DEPRECATED_OBJC_IMPLEMENTATIONS = YES;
				CLANG_WARN_DIRECT_OBJC_ISA_USAGE = YES_ERROR;
				CLANG_WARN_DOCUMENTATION_COMMENTS = YES;
				CLANG_WARN_EMPTY_BODY = YES;
				CLANG_WARN_ENUM_CONVERSION = YES;
				CLANG_WARN_INFINITE_RECURSION = YES;
				CLANG_WARN_INT_CONVERSION = YES;
				CLANG_WARN_NON_LITERAL_NULL_CONVERSION = YES;
				CLANG_WARN_OBJC_IMPLICIT_RETAIN_SELF = YES;
				CLANG_WARN_OBJC_LITERAL_CONVERSION = YES;
				CLANG_WARN_OBJC_ROOT_CLASS = YES_ERROR;
				CLANG_WARN_QUOTED_INCLUDE_IN_FRAMEWORK_HEADER = YES;
				CLANG_WARN_RANGE_LOOP_ANALYSIS = YES;
				CLANG_WARN_STRICT_PROTOTYPES = YES;
				CLANG_WARN_SUSPICIOUS_MOVE = YES;
				CLANG_WARN_UNGUARDED_AVAILABILITY = YES_AGGRESSIVE;
				CLANG_WARN_UNREACHABLE_CODE = YES;
				CLANG_WARN__DUPLICATE_METHOD_MATCH = YES;
				COPY_PHASE_STRIP = NO;
				DEBUG_INFORMATION_FORMAT = "dwarf-with-dsym";
				ENABLE_NS_ASSERTIONS = NO;
				ENABLE_STRICT_OBJC_MSGSEND = YES;
				GCC_C_LANGUAGE_STANDARD = gnu11;
				GCC_NO_COMMON_BLOCKS = YES;
				GCC_WARN_64_TO_32_BIT_CONVERSION = YES;
				GCC_WARN_ABOUT_RETURN_TYPE = YES_ERROR;
				GCC_WARN_UNDECLARED_SELECTOR = YES;
				GCC_WARN_UNINITIALIZED_AUTOS = YES_AGGRESSIVE;
				GCC_WARN_UNUSED_FUNCTION = YES;
				GCC_WARN_UNUSED_VARIABLE = YES;
				IPHONEOS_DEPLOYMENT_TARGET = 15.5;
				MTL_ENABLE_DEBUG_INFO = NO;
				MTL_FAST_MATH = YES;
				SDKROOT = iphoneos;
				SWIFT_COMPILATION_MODE = wholemodule;
				SWIFT_OPTIMIZATION_LEVEL = "-O";
				VALIDATE_PRODUCT = YES;
			};
			name = Release;
		};
		52536DA828CE664E0088B0C0 /* Debug */ = {
			isa = XCBuildConfiguration;
			baseConfigurationReference = 5CDA53750ABB4A266F256093 /* Pods-PersonalFinances.debug.xcconfig */;
			buildSettings = {
				ASSETCATALOG_COMPILER_APPICON_NAME = AppIcon;
				ASSETCATALOG_COMPILER_GLOBAL_ACCENT_COLOR_NAME = AccentColor;
				CODE_SIGN_STYLE = Automatic;
				CURRENT_PROJECT_VERSION = 1;
				DEVELOPMENT_TEAM = 73WK4782BY;
				GENERATE_INFOPLIST_FILE = YES;
				INFOPLIST_FILE = PersonalFinances/Info.plist;
				INFOPLIST_KEY_UIApplicationSupportsIndirectInputEvents = YES;
				INFOPLIST_KEY_UILaunchStoryboardName = LaunchScreen;
				INFOPLIST_KEY_UIMainStoryboardFile = Main;
				INFOPLIST_KEY_UISupportedInterfaceOrientations_iPad = "UIInterfaceOrientationPortrait UIInterfaceOrientationPortraitUpsideDown UIInterfaceOrientationLandscapeLeft UIInterfaceOrientationLandscapeRight";
				INFOPLIST_KEY_UISupportedInterfaceOrientations_iPhone = "UIInterfaceOrientationPortrait UIInterfaceOrientationLandscapeLeft UIInterfaceOrientationLandscapeRight";
				LD_RUNPATH_SEARCH_PATHS = (
					"$(inherited)",
					"@executable_path/Frameworks",
				);
				MARKETING_VERSION = 1.0;
				PRODUCT_BUNDLE_IDENTIFIER = com.lexshpin.PersonalFinances;
				PRODUCT_NAME = "$(TARGET_NAME)";
				SWIFT_EMIT_LOC_STRINGS = YES;
				SWIFT_VERSION = 5.0;
				TARGETED_DEVICE_FAMILY = "1,2";
			};
			name = Debug;
		};
		52536DA928CE664E0088B0C0 /* Release */ = {
			isa = XCBuildConfiguration;
			baseConfigurationReference = F20D3C16297395BD943978AE /* Pods-PersonalFinances.release.xcconfig */;
			buildSettings = {
				ASSETCATALOG_COMPILER_APPICON_NAME = AppIcon;
				ASSETCATALOG_COMPILER_GLOBAL_ACCENT_COLOR_NAME = AccentColor;
				CODE_SIGN_STYLE = Automatic;
				CURRENT_PROJECT_VERSION = 1;
				DEVELOPMENT_TEAM = 73WK4782BY;
				GENERATE_INFOPLIST_FILE = YES;
				INFOPLIST_FILE = PersonalFinances/Info.plist;
				INFOPLIST_KEY_UIApplicationSupportsIndirectInputEvents = YES;
				INFOPLIST_KEY_UILaunchStoryboardName = LaunchScreen;
				INFOPLIST_KEY_UIMainStoryboardFile = Main;
				INFOPLIST_KEY_UISupportedInterfaceOrientations_iPad = "UIInterfaceOrientationPortrait UIInterfaceOrientationPortraitUpsideDown UIInterfaceOrientationLandscapeLeft UIInterfaceOrientationLandscapeRight";
				INFOPLIST_KEY_UISupportedInterfaceOrientations_iPhone = "UIInterfaceOrientationPortrait UIInterfaceOrientationLandscapeLeft UIInterfaceOrientationLandscapeRight";
				LD_RUNPATH_SEARCH_PATHS = (
					"$(inherited)",
					"@executable_path/Frameworks",
				);
				MARKETING_VERSION = 1.0;
				PRODUCT_BUNDLE_IDENTIFIER = com.lexshpin.PersonalFinances;
				PRODUCT_NAME = "$(TARGET_NAME)";
				SWIFT_EMIT_LOC_STRINGS = YES;
				SWIFT_VERSION = 5.0;
				TARGETED_DEVICE_FAMILY = "1,2";
			};
			name = Release;
		};
/* End XCBuildConfiguration section */

/* Begin XCConfigurationList section */
		52536D8E28CE664C0088B0C0 /* Build configuration list for PBXProject "PersonalFinances" */ = {
			isa = XCConfigurationList;
			buildConfigurations = (
				52536DA528CE664E0088B0C0 /* Debug */,
				52536DA628CE664E0088B0C0 /* Release */,
			);
			defaultConfigurationIsVisible = 0;
			defaultConfigurationName = Release;
		};
		52536DA728CE664E0088B0C0 /* Build configuration list for PBXNativeTarget "PersonalFinances" */ = {
			isa = XCConfigurationList;
			buildConfigurations = (
				52536DA828CE664E0088B0C0 /* Debug */,
				52536DA928CE664E0088B0C0 /* Release */,
			);
			defaultConfigurationIsVisible = 0;
			defaultConfigurationName = Release;
		};
/* End XCConfigurationList section */
	};
	rootObject = 52536D8B28CE664C0088B0C0 /* Project object */;
}
